
Microsoft Visual Studio Solution File, Format Version 11.00
# Visual C++ Express 2010
Project("{8BC9CEB8-8B4A-11D0-8D11-00A0C91BC942}") = "wheel++", "wheel++\wheel++.vcxproj", "{ACBA235A-3F1B-4417-A8C5-7B2846CBFBBF}"
EndProject
Global
	GlobalSection(SolutionConfigurationPlatforms) = preSolution
		Debug|Win32 = Debug|Win32
		Debug|x64 = Debug|x64
		Release|Win32 = Release|Win32
		Release|x64 = Release|x64
	EndGlobalSection
	GlobalSection(ProjectConfigurationPlatforms) = postSolution
		{ACBA235A-3F1B-4417-A8C5-7B2846CBFBBF}.Debug|Win32.ActiveCfg = Debug|Win32
		{ACBA235A-3F1B-4417-A8C5-7B2846CBFBBF}.Debug|Win32.Build.0 = Debug|Win32
		{ACBA235A-3F1B-4417-A8C5-7B2846CBFBBF}.Debug|x64.ActiveCfg = Debug|x64
		{ACBA235A-3F1B-4417-A8C5-7B2846CBFBBF}.Debug|x64.Build.0 = Debug|x64
		{ACBA235A-3F1B-4417-A8C5-7B2846CBFBBF}.Release|Win32.ActiveCfg = Release|Win32
		{ACBA235A-3F1B-4417-A8C5-7B2846CBFBBF}.Release|Win32.Build.0 = Release|Win32
		{ACBA235A-3F1B-4417-A8C5-7B2846CBFBBF}.Release|x64.ActiveCfg = Release|x64
		{ACBA235A-3F1B-4417-A8C5-7B2846CBFBBF}.Release|x64.Build.0 = Release|x64
	EndGlobalSection
	GlobalSection(SolutionProperties) = preSolution
		HideSolutionNode = FALSE
	EndGlobalSection
EndGlobal
